hash: 1143f4e351403ec6a736e73c0e8d4603592f75f694586b39fdc50a2f9d6af3b5
updated: 2019-02-11T18:42:33.642582-08:00
imports:
- name: github.com/ansel1/merry
  version: 2f92759fd5ad7ea9dc77b73b909b3132b9a5912e
- name: github.com/go-errors/errors
  version: a6af135bd4e28680facf08a3d206b454abc877a4
- name: github.com/myhelix/rollbar
  version: 41394a7897169d9f5cd43a6ee6ae82518e30a7f2
- name: github.com/newrelic/go-agent
  version: f5bce3387232559bcbe6a5f8227c4bf508dac1ba
  subpackages:
  - internal
  - internal/cat
  - internal/jsonx
  - internal/logger
  - internal/sysinfo
  - internal/utilization
- name: github.com/sirupsen/logrus
  version: ba1b36c82c5e05c4f912a88eab0dcd91a171688f
- name: golang.org/x/sys
  version: 7a56174f0086b32866ebd746a794417edbc678a1
  subpackages:
  - unix
testImports:
- name: github.com/onsi/ginkgo
  version: 9008c7b79f9636c46a0a945141020124702f0ecf
  subpackages:
  - config
  - internal/codelocation
  - internal/containernode
  - internal/failer
  - internal/leafnodes
  - internal/remote
  - internal/spec
  - internal/spec_iterator
  - internal/specrunner
  - internal/suite
  - internal/testingtproxy
  - internal/writer
  - reporters
  - reporters/stenographer
  - reporters/stenographer/support/go-colorable
  - reporters/stenographer/support/go-isatty
  - types
- name: github.com/onsi/gomega
  version: e85f63af4302dc0e4277c6008ecf803f1d80e4f0
  subpackages:
  - format
  - internal/assertion
  - internal/asyncassertion
  - internal/oraclematcher
  - internal/testingtsupport
  - matchers
  - matchers/support/goraph/bipartitegraph
  - matchers/support/goraph/edge
  - matchers/support/goraph/node
  - matchers/support/goraph/util
  - types
- name: gopkg.in/yaml.v2
  version: f7716cbe52baa25d2e9b0d0da546fcf909fc16b4
